PODS:
  - JSONPreview (1.0.0)
  - RaLog (1.0.1)

DEPENDENCIES:
  - JSONPreview
  - RaLog

SPEC REPOS:
  trunk:
    - JSONPreview
    - RaLog

SPEC CHECKSUMS:
  JSONPreview: bb476bf99b78a7b8aa0d6632f577a85441930cab
  RaLog: 0c890204e33b31285bb3bad528cb7680bcd5906c

PODFILE CHECKSUM: d767e6e7a8b9ea3211b991651fdb81ce2f04b194

COCOAPODS: 1.9.3
