PODS:
  - JSONPreview (1.3.1)
  - RaLog (1.5.4)

DEPENDENCIES:
  - JSONPreview
  - RaLog

SPEC REPOS:
  trunk:
    - JSONPreview
    - RaLog

SPEC CHECKSUMS:
  JSONPreview: 41c198dce3d1ecdb6345cba19804f65fc28bb9cf
  RaLog: 0d795de14557834577e64979ca2b7c7915937c67

PODFILE CHECKSUM: 914f974b0d958bf0a8b0b8c5f08993521469b222

COCOAPODS: 1.11.3
