PODS:
  - JSONPreview (1.1.0)
  - RaLog (1.2.0)

DEPENDENCIES:
  - JSONPreview
  - RaLog

SPEC REPOS:
  trunk:
    - JSONPreview
    - RaLog

SPEC CHECKSUMS:
  JSONPreview: 2330dea942b4285ef4bf7045b5950c644616c678
  RaLog: 4e2f754a6ca99a911a0d135d9ccfad317a8669d4

PODFILE CHECKSUM: 3131c9934d5b1c41216fcf4c7d7ae65408c25cce

COCOAPODS: 1.9.3
