PODS:
  - JSONPreview (1.2.1)
  - RaLog (1.2.2)

DEPENDENCIES:
  - JSONPreview
  - RaLog

SPEC REPOS:
  trunk:
    - JSONPreview
    - RaLog

SPEC CHECKSUMS:
  JSONPreview: 19990809e7a9e075471c75203ca5f780b5d1130b
  RaLog: fc230498c47d76f02409b08b285e2db861c1b9a5

PODFILE CHECKSUM: 3131c9934d5b1c41216fcf4c7d7ae65408c25cce

COCOAPODS: 1.10.0
